// !$*UTF8*$!
{
	archiveVersion = 1;
	classes = {
	};
	objectVersion = 77;
	objects = {

/* Begin PBXContainerItemProxy section */
		B474E94C2F51A0DE005AB6DF /* PBXContainerItemProxy */ = {
			isa = PBXContainerItemProxy;
			containerPortal = B474E9362F51A0DC005AB6DF /* Project object */;
			proxyType = 1;
			remoteGlobalIDString = B474E93D2F51A0DC005AB6DF;
			remoteInfo = iOSNetworkingPlayground;
		};
		B474E9562F51A0DE005AB6DF /* PBXContainerItemProxy */ = {
			isa = PBXContainerItemProxy;
			containerPortal = B474E9362F51A0DC005AB6DF /* Project object */;
			proxyType = 1;
			remoteGlobalIDString = B474E93D2F51A0DC005AB6DF;
			remoteInfo = iOSNetworkingPlayground;
		};
/* End PBXContainerItemProxy section */

/* Begin PBXFileReference section */
		B474E93E2F51A0DC005AB6DF /* iOSNetworkingPlayground.app */ = {isa = PBXFileReference; explicitFileType = wrapper.application; includeInIndex = 0; path = iOSNetworkingPlayground.app; sourceTree = BUILT_PRODUCTS_DIR; };
		B474E94B2F51A0DE005AB6DF /* iOSNetworkingPlaygroundTests.xctest */ = {isa = PBXFileReference; explicitFileType = wrapper.cfbundle; includeInIndex = 0; path = iOSNetworkingPlaygroundTests.xctest; sourceTree = BUILT_PRODUCTS_DIR; };
		B474E9552F51A0DE005AB6DF /* iOSNetworkingPlaygroundUITests.xctest */ = {isa = PBXFileReference; explicitFileType = wrapper.cfbundle; includeInIndex = 0; path = iOSNetworkingPlaygroundUITests.xctest; sourceTree = BUILT_PRODUCTS_DIR; };
/* End PBXFileReference section */

/* Begin PBXFileSystemSynchronizedRootGroup section */
		B474E9402F51A0DC005AB6DF /* iOSNetworkingPlayground */ = {
			isa = PBXFileSystemSynchronizedRootGroup;
			path = iOSNetworkingPlayground;
			sourceTree = "<group>";
		};
		B474E94E2F51A0DE005AB6DF /* iOSNetworkingPlaygroundTests */ = {
			isa = PBXFileSystemSynchronizedRootGroup;
			path = iOSNetworkingPlaygroundTests;
			sourceTree = "<group>";
		};
		B474E9582F51A0DE005AB6DF /* iOSNetworkingPlaygroundUITests */ = {
			isa = PBXFileSystemSynchronizedRootGroup;
			path = iOSNetworkingPlaygroundUITests;
			sourceTree = "<group>";
		};
/* End PBXFileSystemSynchronizedRootGroup section */

/* Begin PBXFrameworksBuildPhase section */
		B474E93B2F51A0DC005AB6DF /* Frameworks */ = {
			isa = PBXFrameworksBuildPhase;
			buildActionMask = 2147483647;
			files = (
			);
			runOnlyForDeploymentPostprocessing = 0;
		};
		B474E9482F51A0DE005AB6DF /* Frameworks */ = {
			isa = PBXFrameworksBuildPhase;
			buildActionMask = 2147483647;
			files = (
			);
			runOnlyForDeploymentPostprocessing = 0;
		};
		B474E9522F51A0DE005AB6DF /* Frameworks */ = {
			isa = PBXFrameworksBuildPhase;
			buildActionMask = 2147483647;
			files = (
			);
			runOnlyForDeploymentPostprocessing = 0;
		};
/* End PBXFrameworksBuildPhase section */

/* Begin PBXGroup section */
		B474E9352F51A0DC005AB6DF = {
			isa = PBXGroup;
			children = (
				B474E9402F51A0DC005AB6DF /* iOSNetworkingPlayground */,
				B474E94E2F51A0DE005AB6DF /* iOSNetworkingPlaygroundTests */,
				B474E9582F51A0DE005AB6DF /* iOSNetworkingPlaygroundUITests */,
				B474E93F2F51A0DC005AB6DF /* Products */,
			);
			sourceTree = "<group>";
		};
		B474E93F2F51A0DC005AB6DF /* Products */ = {
			isa = PBXGroup;
			children = (
				B474E93E2F51A0DC005AB6DF /* iOSNetworkingPlayground.app */,
				B474E94B2F51A0DE005AB6DF /* iOSNetworkingPlaygroundTests.xctest */,
				B474E9552F51A0DE005AB6DF /* iOSNetworkingPlaygroundUITests.xctest */,
			);
			name = Products;
			sourceTree = "<group>";
		};
/* End PBXGroup section */

/* Begin PBXNativeTarget section */
		B474E93D2F51A0DC005AB6DF /* iOSNetworkingPlayground */ = {
			isa = PBXNativeTarget;
			buildConfigurationList = B474E95F2F51A0DE005AB6DF /* Build configuration list for PBXNativeTarget "iOSNetworkingPlayground" */;
			buildPhases = (
				B474E93A2F51A0DC005AB6DF /* Sources */,
				B474E93B2F51A0DC005AB6DF /* Frameworks */,
				B474E93C2F51A0DC005AB6DF /* Resources */,
			);
			buildRules = (
			);
			dependencies = (
			);
			fileSystemSynchronizedGroups = (
				B474E9402F51A0DC005AB6DF /* iOSNetworkingPlayground */,
			);
			name = iOSNetworkingPlayground;
			packageProductDependencies = (
			);
			productName = iOSNetworkingPlayground;
			productReference = B474E93E2F51A0DC005AB6DF /* iOSNetworkingPlayground.app */;
			productType = "com.apple.product-type.application";
		};
		B474E94A2F51A0DE005AB6DF /* iOSNetworkingPlaygroundTests */ = {
			isa = PBXNativeTarget;
			buildConfigurationList = B474E9622F51A0DE005AB6DF /* Build configuration list for PBXNativeTarget "iOSNetworkingPlaygroundTests" */;
			buildPhases = (
				B474E9472F51A0DE005AB6DF /* Sources */,
				B474E9482F51A0DE005AB6DF /* Frameworks */,
				B474E9492F51A0DE005AB6DF /* Resources */,
			);
			buildRules = (
			);
			dependencies = (
				B474E94D2F51A0DE005AB6DF /* PBXTargetDependency */,
			);
			fileSystemSynchronizedGroups = (
				B474E94E2F51A0DE005AB6DF /* iOSNetworkingPlaygroundTests */,
			);
			name = iOSNetworkingPlaygroundTests;
			packageProductDependencies = (
			);
			productName = iOSNetworkingPlaygroundTests;
			productReference = B474E94B2F51A0DE005AB6DF /* iOSNetworkingPlaygroundTests.xctest */;
			productType = "com.apple.product-type.bundle.unit-test";
		};
		B474E9542F51A0DE005AB6DF /* iOSNetworkingPlaygroundUITests */ = {
			isa = PBXNativeTarget;
			buildConfigurationList = B474E9652F51A0DE005AB6DF /* Build configuration list for PBXNativeTarget "iOSNetworkingPlaygroundUITests" */;
			buildPhases = (
				B474E9512F51A0DE005AB6DF /* Sources */,
				B474E9522F51A0DE005AB6DF /* Frameworks */,
				B474E9532F51A0DE005AB6DF /* Resources */,
			);
			buildRules = (
			);
			dependencies = (
				B474E9572F51A0DE005AB6DF /* PBXTargetDependency */,
			);
			fileSystemSynchronizedGroups = (
				B474E9582F51A0DE005AB6DF /* iOSNetworkingPlaygroundUITests */,
			);
			name = iOSNetworkingPlaygroundUITests;
			packageProductDependencies = (
			);
			productName = iOSNetworkingPlaygroundUITests;
			productReference = B474E9552F51A0DE005AB6DF /* iOSNetworkingPlaygroundUITests.xctest */;
			productType = "com.apple.product-type.bundle.ui-testing";
		};
/* End PBXNativeTarget section */

/* Begin PBXProject section */
		B474E9362F51A0DC005AB6DF /* Project object */ = {
			isa = PBXProject;
			attributes = {
				BuildIndependentTargetsInParallel = 1;
				LastSwiftUpdateCheck = 2620;
				LastUpgradeCheck = 2620;
				TargetAttributes = {
					B474E93D2F51A0DC005AB6DF = {
						CreatedOnToolsVersion = 26.2;
					};
					B474E94A2F51A0DE005AB6DF = {
						CreatedOnToolsVersion = 26.2;
						TestTargetID = B474E93D2F51A0DC005AB6DF;
					};
					B474E9542F51A0DE005AB6DF = {
						CreatedOnToolsVersion = 26.2;
						TestTargetID = B474E93D2F51A0DC005AB6DF;
					};
				};
			};
			buildConfigurationList = B474E9392F51A0DC005AB6DF /* Build configuration list for PBXProject "iOSNetworkingPlayground" */;
			developmentRegion = en;
			hasScannedForEncodings = 0;
			knownRegions = (
				en,
				Base,
			);
			mainGroup = B474E9352F51A0DC005AB6DF;
			minimizedProjectReferenceProxies = 1;
			preferredProjectObjectVersion = 77;
			productRefGroup = B474E93F2F51A0DC005AB6DF /* Products */;
			projectDirPath = "";
			projectRoot = "";
			targets = (
				B474E93D2F51A0DC005AB6DF /* iOSNetworkingPlayground */,
				B474E94A2F51A0DE005AB6DF /* iOSNetworkingPlaygroundTests */,
				B474E9542F51A0DE005AB6DF /* iOSNetworkingPlaygroundUITests */,
			);
		};
/* End PBXProject section */

/* Begin PBXResourcesBuildPhase section */
		B474E93C2F51A0DC005AB6DF /* Resources */ = {
			isa = PBXResourcesBuildPhase;
			buildActionMask = 2147483647;
			files = (
			);
			runOnlyForDeploymentPostprocessing = 0;
		};
		B474E9492F51A0DE005AB6DF /* Resources */ = {
			isa = PBXResourcesBuildPhase;
			buildActionMask = 2147483647;
			files = (
			);
			runOnlyForDeploymentPostprocessing = 0;
		};
		B474E9532F51A0DE005AB6DF /* Resources */ = {
			isa = PBXResourcesBuildPhase;
			buildActionMask = 2147483647;
			files = (
			);
			runOnlyForDeploymentPostprocessing = 0;
		};
/* End PBXResourcesBuildPhase section */

/* Begin PBXSourcesBuildPhase section */
		B474E93A2F51A0DC005AB6DF /* Sources */ = {
			isa = PBXSourcesBuildPhase;
			buildActionMask = 2147483647;
			files = (
			);
			runOnlyForDeploymentPostprocessing = 0;
		};
		B474E9472F51A0DE005AB6DF /* Sources */ = {
			isa = PBXSourcesBuildPhase;
			buildActionMask = 2147483647;
			files = (
			);
			runOnlyForDeploymentPostprocessing = 0;
		};
		B474E9512F51A0DE005AB6DF /* Sources */ = {
			isa = PBXSourcesBuildPhase;
			buildActionMask = 2147483647;
			files = (
			);
			runOnlyForDeploymentPostprocessing = 0;
		};
/* End PBXSourcesBuildPhase section */

/* Begin PBXTargetDependency section */
		B474E94D2F51A0DE005AB6DF /* PBXTargetDependency */ = {
			isa = PBXTargetDependency;
			target = B474E93D2F51A0DC005AB6DF /* iOSNetworkingPlayground */;
			targetProxy = B474E94C2F51A0DE005AB6DF /* PBXContainerItemProxy */;
		};
		B474E9572F51A0DE005AB6DF /* PBXTargetDependency */ = {
			isa = PBXTargetDependency;
			target = B474E93D2F51A0DC005AB6DF /* iOSNetworkingPlayground */;
			targetProxy = B474E9562F51A0DE005AB6DF /* PBXContainerItemProxy */;
		};
/* End PBXTargetDependency section */

/* Begin XCBuildConfiguration section */
		B474E95D2F51A0DE005AB6DF /* Debug */ = {
			isa = XCBuildConfiguration;
			buildSettings = {
				ALWAYS_SEARCH_USER_PATHS = NO;
				ASSETCATALOG_COMPILER_GENERATE_SWIFT_ASSET_SYMBOL_EXTENSIONS = YES;
				CLANG_ANALYZER_NONNULL = YES;
				CLANG_ANALYZER_NUMBER_OBJECT_CONVERSION = YES_AGGRESSIVE;
				CLANG_CXX_LANGUAGE_STANDARD = "gnu++20";
				CLANG_ENABLE_MODULES = YES;
				CLANG_ENABLE_OBJC_ARC = YES;
				CLANG_ENABLE_OBJC_WEAK = YES;
				CLANG_WARN_BLOCK_CAPTURE_AUTORELEASING = YES;
				CLANG_WARN_BOOL_CONVERSION = YES;
				CLANG_WARN_COMMA = YES;
				CLANG_WARN_CONSTANT_CONVERSION = YES;
				CLANG_WARN_DEPRECATED_OBJC_IMPLEMENTATIONS = YES;
				CLANG_WARN_DIRECT_OBJC_ISA_USAGE = YES_ERROR;
				CLANG_WARN_DOCUMENTATION_COMMENTS = YES;
				CLANG_WARN_EMPTY_BODY = YES;
				CLANG_WARN_ENUM_CONVERSION = YES;
				CLANG_WARN_INFINITE_RECURSION = YES;
				CLANG_WARN_INT_CONVERSION = YES;
				CLANG_WARN_NON_LITERAL_NULL_CONVERSION = YES;
				CLANG_WARN_OBJC_IMPLICIT_RETAIN_SELF = YES;
				CLANG_WARN_OBJC_LITERAL_CONVERSION = YES;
				CLANG_WARN_OBJC_ROOT_CLASS = YES_ERROR;
				CLANG_WARN_QUOTED_INCLUDE_IN_FRAMEWORK_HEADER = YES;
				CLANG_WARN_RANGE_LOOP_ANALYSIS = YES;
				CLANG_WARN_STRICT_PROTOTYPES = YES;
				CLANG_WARN_SUSPICIOUS_MOVE = YES;
				CLANG_WARN_UNGUARDED_AVAILABILITY = YES_AGGRESSIVE;
				CLANG_WARN_UNREACHABLE_CODE = YES;
				CLANG_WARN__DUPLICATE_METHOD_MATCH = YES;
				COPY_PHASE_STRIP = NO;
				DEBUG_INFORMATION_FORMAT = dwarf;
				DEVELOPMENT_TEAM = VFBS4Z3UQH;
				ENABLE_STRICT_OBJC_MSGSEND = YES;
				ENABLE_TESTABILITY = YES;
				ENABLE_USER_SCRIPT_SANDBOXING = YES;
				GCC_C_LANGUAGE_STANDARD = gnu17;
				GCC_DYNAMIC_NO_PIC = NO;
				GCC_NO_COMMON_BLOCKS = YES;
				GCC_OPTIMIZATION_LEVEL = 0;
				GCC_PREPROCESSOR_DEFINITIONS = (
					"DEBUG=1",
					"$(inherited)",
				);
				GCC_WARN_64_TO_32_BIT_CONVERSION = YES;
				GCC_WARN_ABOUT_RETURN_TYPE = YES_ERROR;
				GCC_WARN_UNDECLARED_SELECTOR = YES;
				GCC_WARN_UNINITIALIZED_AUTOS = YES_AGGRESSIVE;
				GCC_WARN_UNUSED_FUNCTION = YES;
				GCC_WARN_UNUSED_VARIABLE = YES;
				IPHONEOS_DEPLOYMENT_TARGET = 26.2;
				LOCALIZATION_PREFERS_STRING_CATALOGS = YES;
				MTL_ENABLE_DEBUG_INFO = INCLUDE_SOURCE;
				MTL_FAST_MATH = YES;
				ONLY_ACTIVE_ARCH = YES;
				SDKROOT = iphoneos;
				SWIFT_ACTIVE_COMPILATION_CONDITIONS = "DEBUG $(inherited)";
				SWIFT_OPTIMIZATION_LEVEL = "-Onone";
			};
			name = Debug;
		};
		B474E95E2F51A0DE005AB6DF /* Release */ = {
			isa = XCBuildConfiguration;
			buildSettings = {
				ALWAYS_SEARCH_USER_PATHS = NO;
				ASSETCATALOG_COMPILER_GENERATE_SWIFT_ASSET_SYMBOL_EXTENSIONS = YES;
				CLANG_ANALYZER_NONNULL = YES;
				CLANG_ANALYZER_NUMBER_OBJECT_CONVERSION = YES_AGGRESSIVE;
				CLANG_CXX_LANGUAGE_STANDARD = "gnu++20";
				CLANG_ENABLE_MODULES = YES;
				CLANG_ENABLE_OBJC_ARC = YES;
				CLANG_ENABLE_OBJC_WEAK = YES;
				CLANG_WARN_BLOCK_CAPTURE_AUTORELEASING = YES;
				CLANG_WARN_BOOL_CONVERSION = YES;
				CLANG_WARN_COMMA = YES;
				CLANG_WARN_CONSTANT_CONVERSION = YES;
				CLANG_WARN_DEPRECATED_OBJC_IMPLEMENTATIONS = YES;
				CLANG_WARN_DIRECT_OBJC_ISA_USAGE = YES_ERROR;
				CLANG_WARN_DOCUMENTATION_COMMENTS = YES;
				CLANG_WARN_EMPTY_BODY = YES;
				CLANG_WARN_ENUM_CONVERSION = YES;
				CLANG_WARN_INFINITE_RECURSION = YES;
				CLANG_WARN_INT_CONVERSION = YES;
				CLANG_WARN_NON_LITERAL_NULL_CONVERSION = YES;
				CLANG_WARN_OBJC_IMPLICIT_RETAIN_SELF = YES;
				CLANG_WARN_OBJC_LITERAL_CONVERSION = YES;
				CLANG_WARN_OBJC_ROOT_CLASS = YES_ERROR;
				CLANG_WARN_QUOTED_INCLUDE_IN_FRAMEWORK_HEADER = YES;
				CLANG_WARN_RANGE_LOOP_ANALYSIS = YES;
				CLANG_WARN_STRICT_PROTOTYPES = YES;
				CLANG_WARN_SUSPICIOUS_MOVE = YES;
				CLANG_WARN_UNGUARDED_AVAILABILITY = YES_AGGRESSIVE;
				CLANG_WARN_UNREACHABLE_CODE = YES;
				CLANG_WARN__DUPLICATE_METHOD_MATCH = YES;
				COPY_PHASE_STRIP = NO;
				DEBUG_INFORMATION_FORMAT = "dwarf-with-dsym";
				DEVELOPMENT_TEAM = VFBS4Z3UQH;
				ENABLE_NS_ASSERTIONS = NO;
				ENABLE_STRICT_OBJC_MSGSEND = YES;
				ENABLE_USER_SCRIPT_SANDBOXING = YES;
				GCC_C_LANGUAGE_STANDARD = gnu17;
				GCC_NO_COMMON_BLOCKS = YES;
				GCC_WARN_64_TO_32_BIT_CONVERSION = YES;
				GCC_WARN_ABOUT_RETURN_TYPE = YES_ERROR;
				GCC_WARN_UNDECLARED_SELECTOR = YES;
				GCC_WARN_UNINITIALIZED_AUTOS = YES_AGGRESSIVE;
				GCC_WARN_UNUSED_FUNCTION = YES;
				GCC_WARN_UNUSED_VARIABLE = YES;
				IPHONEOS_DEPLOYMENT_TARGET = 26.2;
				LOCALIZATION_PREFERS_STRING_CATALOGS = YES;
				MTL_ENABLE_DEBUG_INFO = NO;
				MTL_FAST_MATH = YES;
				SDKROOT = iphoneos;
				SWIFT_COMPILATION_MODE = wholemodule;
				VALIDATE_PRODUCT = YES;
			};
			name = Release;
		};
		B474E9602F51A0DE005AB6DF /* Debug */ = {
			isa = XCBuildConfiguration;
			buildSettings = {
				ASSETCATALOG_COMPILER_APPICON_NAME = AppIcon;
				ASSETCATALOG_COMPILER_GLOBAL_ACCENT_COLOR_NAME = AccentColor;
				CODE_SIGN_STYLE = Automatic;
				CURRENT_PROJECT_VERSION = 1;
				DEVELOPMENT_TEAM = VFBS4Z3UQH;
				ENABLE_PREVIEWS = YES;
				GENERATE_INFOPLIST_FILE = YES;
				INFOPLIST_KEY_UIApplicationSceneManifest_Generation = YES;
				INFOPLIST_KEY_UIApplicationSupportsIndirectInputEvents = YES;
				INFOPLIST_KEY_UILaunchScreen_Generation = YES;
				INFOPLIST_KEY_UISupportedInterfaceOrientations_iPad = "UIInterfaceOrientationPortrait UIInterfaceOrientationPortraitUpsideDown UIInterfaceOrientationLandscapeLeft UIInterfaceOrientationLandscapeRight";
				INFOPLIST_KEY_UISupportedInterfaceOrientations_iPhone = "UIInterfaceOrientationPortrait UIInterfaceOrientationLandscapeLeft UIInterfaceOrientationLandscapeRight";
				LD_RUNPATH_SEARCH_PATHS = (
					"$(inherited)",
					"@executable_path/Frameworks",
				);
				MARKETING_VERSION = 1.0;
				PRODUCT_BUNDLE_IDENTIFIER = GonzaloAndradeDev.iOSNetworkingPlayground;
				PRODUCT_NAME = "$(TARGET_NAME)";
				STRING_CATALOG_GENERATE_SYMBOLS = YES;
				SWIFT_APPROACHABLE_CONCURRENCY = YES;
				SWIFT_DEFAULT_ACTOR_ISOLATION = MainActor;
				SWIFT_EMIT_LOC_STRINGS = YES;
				SWIFT_UPCOMING_FEATURE_MEMBER_IMPORT_VISIBILITY = YES;
				SWIFT_VERSION = 5.0;
				TARGETED_DEVICE_FAMILY = "1,2";
			};
			name = Debug;
		};
		B474E9612F51A0DE005AB6DF /* Release */ = {
			isa = XCBuildConfiguration;
			buildSettings = {
				ASSETCATALOG_COMPILER_APPICON_NAME = AppIcon;
				ASSETCATALOG_COMPILER_GLOBAL_ACCENT_COLOR_NAME = AccentColor;
				CODE_SIGN_STYLE = Automatic;
				CURRENT_PROJECT_VERSION = 1;
				DEVELOPMENT_TEAM = VFBS4Z3UQH;
				ENABLE_PREVIEWS = YES;
				GENERATE_INFOPLIST_FILE = YES;
				INFOPLIST_KEY_UIApplicationSceneManifest_Generation = YES;
				INFOPLIST_KEY_UIApplicationSupportsIndirectInputEvents = YES;
				INFOPLIST_KEY_UILaunchScreen_Generation = YES;
				INFOPLIST_KEY_UISupportedInterfaceOrientations_iPad = "UIInterfaceOrientationPortrait UIInterfaceOrientationPortraitUpsideDown UIInterfaceOrientationLandscapeLeft UIInterfaceOrientationLandscapeRight";
				INFOPLIST_KEY_UISupportedInterfaceOrientations_iPhone = "UIInterfaceOrientationPortrait UIInterfaceOrientationLandscapeLeft UIInterfaceOrientationLandscapeRight";
				LD_RUNPATH_SEARCH_PATHS = (
					"$(inherited)",
					"@executable_path/Frameworks",
				);
				MARKETING_VERSION = 1.0;
				PRODUCT_BUNDLE_IDENTIFIER = GonzaloAndradeDev.iOSNetworkingPlayground;
				PRODUCT_NAME = "$(TARGET_NAME)";
				STRING_CATALOG_GENERATE_SYMBOLS = YES;
				SWIFT_APPROACHABLE_CONCURRENCY = YES;
				SWIFT_DEFAULT_ACTOR_ISOLATION = MainActor;
				SWIFT_EMIT_LOC_STRINGS = YES;
				SWIFT_UPCOMING_FEATURE_MEMBER_IMPORT_VISIBILITY = YES;
				SWIFT_VERSION = 5.0;
				TARGETED_DEVICE_FAMILY = "1,2";
			};
			name = Release;
		};
		B474E9632F51A0DE005AB6DF /* Debug */ = {
			isa = XCBuildConfiguration;
			buildSettings = {
				BUNDLE_LOADER = "$(TEST_HOST)";
				CODE_SIGN_STYLE = Automatic;
				CURRENT_PROJECT_VERSION = 1;
				DEVELOPMENT_TEAM = VFBS4Z3UQH;
				GENERATE_INFOPLIST_FILE = YES;
				IPHONEOS_DEPLOYMENT_TARGET = 26.2;
				MARKETING_VERSION = 1.0;
				PRODUCT_BUNDLE_IDENTIFIER = GonzaloAndradeDev.iOSNetworkingPlaygroundTests;
				PRODUCT_NAME = "$(TARGET_NAME)";
				STRING_CATALOG_GENERATE_SYMBOLS = NO;
				SWIFT_APPROACHABLE_CONCURRENCY = YES;
				SWIFT_EMIT_LOC_STRINGS = NO;
				SWIFT_UPCOMING_FEATURE_MEMBER_IMPORT_VISIBILITY = YES;
				SWIFT_VERSION = 5.0;
				TARGETED_DEVICE_FAMILY = "1,2";
				TEST_HOST = "$(BUILT_PRODUCTS_DIR)/iOSNetworkingPlayground.app/$(BUNDLE_EXECUTABLE_FOLDER_PATH)/iOSNetworkingPlayground";
			};
			name = Debug;
		};
		B474E9642F51A0DE005AB6DF /* Release */ = {
			isa = XCBuildConfiguration;
			buildSettings = {
				BUNDLE_LOADER = "$(TEST_HOST)";
				CODE_SIGN_STYLE = Automatic;
				CURRENT_PROJECT_VERSION = 1;
				DEVELOPMENT_TEAM = VFBS4Z3UQH;
				GENERATE_INFOPLIST_FILE = YES;
				IPHONEOS_DEPLOYMENT_TARGET = 26.2;
				MARKETING_VERSION = 1.0;
				PRODUCT_BUNDLE_IDENTIFIER = GonzaloAndradeDev.iOSNetworkingPlaygroundTests;
				PRODUCT_NAME = "$(TARGET_NAME)";
				STRING_CATALOG_GENERATE_SYMBOLS = NO;
				SWIFT_APPROACHABLE_CONCURRENCY = YES;
				SWIFT_EMIT_LOC_STRINGS = NO;
				SWIFT_UPCOMING_FEATURE_MEMBER_IMPORT_VISIBILITY = YES;
				SWIFT_VERSION = 5.0;
				TARGETED_DEVICE_FAMILY = "1,2";
				TEST_HOST = "$(BUILT_PRODUCTS_DIR)/iOSNetworkingPlayground.app/$(BUNDLE_EXECUTABLE_FOLDER_PATH)/iOSNetworkingPlayground";
			};
			name = Release;
		};
		B474E9662F51A0DE005AB6DF /* Debug */ = {
			isa = XCBuildConfiguration;
			buildSettings = {
				CODE_SIGN_STYLE = Automatic;
				CURRENT_PROJECT_VERSION = 1;
				DEVELOPMENT_TEAM = VFBS4Z3UQH;
				GENERATE_INFOPLIST_FILE = YES;
				MARKETING_VERSION = 1.0;
				PRODUCT_BUNDLE_IDENTIFIER = GonzaloAndradeDev.iOSNetworkingPlaygroundUITests;
				PRODUCT_NAME = "$(TARGET_NAME)";
				STRING_CATALOG_GENERATE_SYMBOLS = NO;
				SWIFT_APPROACHABLE_CONCURRENCY = YES;
				SWIFT_EMIT_LOC_STRINGS = NO;
				SWIFT_UPCOMING_FEATURE_MEMBER_IMPORT_VISIBILITY = YES;
				SWIFT_VERSION = 5.0;
				TARGETED_DEVICE_FAMILY = "1,2";
				TEST_TARGET_NAME = iOSNetworkingPlayground;
			};
			name = Debug;
		};
		B474E9672F51A0DE005AB6DF /* Release */ = {
			isa = XCBuildConfiguration;
			buildSettings = {
				CODE_SIGN_STYLE = Automatic;
				CURRENT_PROJECT_VERSION = 1;
				DEVELOPMENT_TEAM = VFBS4Z3UQH;
				GENERATE_INFOPLIST_FILE = YES;
				MARKETING_VERSION = 1.0;
				PRODUCT_BUNDLE_IDENTIFIER = GonzaloAndradeDev.iOSNetworkingPlaygroundUITests;
				PRODUCT_NAME = "$(TARGET_NAME)";
				STRING_CATALOG_GENERATE_SYMBOLS = NO;
				SWIFT_APPROACHABLE_CONCURRENCY = YES;
				SWIFT_EMIT_LOC_STRINGS = NO;
				SWIFT_UPCOMING_FEATURE_MEMBER_IMPORT_VISIBILITY = YES;
				SWIFT_VERSION = 5.0;
				TARGETED_DEVICE_FAMILY = "1,2";
				TEST_TARGET_NAME = iOSNetworkingPlayground;
			};
			name = Release;
		};
/* End XCBuildConfiguration section */

/* Begin XCConfigurationList section */
		B474E9392F51A0DC005AB6DF /* Build configuration list for PBXProject "iOSNetworkingPlayground" */ = {
			isa = XCConfigurationList;
			buildConfigurations = (
				B474E95D2F51A0DE005AB6DF /* Debug */,
				B474E95E2F51A0DE005AB6DF /* Release */,
			);
			defaultConfigurationIsVisible = 0;
			defaultConfigurationName = Release;
		};
		B474E95F2F51A0DE005AB6DF /* Build configuration list for PBXNativeTarget "iOSNetworkingPlayground" */ = {
			isa = XCConfigurationList;
			buildConfigurations = (
				B474E9602F51A0DE005AB6DF /* Debug */,
				B474E9612F51A0DE005AB6DF /* Release */,
			);
			defaultConfigurationIsVisible = 0;
			defaultConfigurationName = Release;
		};
		B474E9622F51A0DE005AB6DF /* Build configuration list for PBXNativeTarget "iOSNetworkingPlaygroundTests" */ = {
			isa = XCConfigurationList;
			buildConfigurations = (
				B474E9632F51A0DE005AB6DF /* Debug */,
				B474E9642F51A0DE005AB6DF /* Release */,
			);
			defaultConfigurationIsVisible = 0;
			defaultConfigurationName = Release;
		};
		B474E9652F51A0DE005AB6DF /* Build configuration list for PBXNativeTarget "iOSNetworkingPlaygroundUITests" */ = {
			isa = XCConfigurationList;
			buildConfigurations = (
				B474E9662F51A0DE005AB6DF /* Debug */,
				B474E9672F51A0DE005AB6DF /* Release */,
			);
			defaultConfigurationIsVisible = 0;
			defaultConfigurationName = Release;
		};
/* End XCConfigurationList section */
	};
	rootObject = B474E9362F51A0DC005AB6DF /* Project object */;
}
